<?xml version="1.0" encoding="utf-8"?>
<Project ToolsVersion="4.0" xmlns="http://schemas.microsoft.com/developer/msbuild/2003">
  <ItemGroup>
    <Filter Include="Source Files">
      <UniqueIdentifier>{4FC737F1-C7A5-4376-A066-2A32D752A2FF}</UniqueIdentifier>
      <Extensions>cpp;c;cc;cxx;def;odl;idl;hpj;bat;asm;asmx</Extensions>
    </Filter>
    <Filter Include="Header Files">
      <UniqueIdentifier>{93995380-89BD-4b04-88EB-625FBE52EBFB}</UniqueIdentifier>
      <Extensions>h;hh;hpp;hxx;hm;inl;inc;ipp;xsd</Extensions>
    </Filter>
    <Filter Include="Resource Files">
      <UniqueIdentifier>{67DA6AB6-F800-4c08-8B7A-83BB121AAD01}</UniqueIdentifier>
      <Extensions>rc;ico;cur;bmp;dlg;rc2;rct;bin;rgs;gif;jpg;jpeg;jpe;resx;tiff;tif;png;wav;mfcribbon-ms</Extensions>
    </Filter>
    <Filter Include="Header Files\game-states">
      <UniqueIdentifier>{f56c161a-c102-452f-a739-74f2f109727b}</UniqueIdentifier>
    </Filter>
    <Filter Include="Header Files\game-objects">
      <UniqueIdentifier>{3c6ebed6-8f4b-44a3-addd-8f8e30ed0421}</UniqueIdentifier>
    </Filter>
    <Filter Include="Header Files\maze-generation">
      <UniqueIdentifier>{c151985f-4eeb-4b1a-bb55-183adaf800e1}</UniqueIdentifier>
    </Filter>
    <Filter Include="Header Files\characters">
      <UniqueIdentifier>{8dcbbdb9-2e11-4f3b-9073-8c9458f3591e}</UniqueIdentifier>
    </Filter>
    <Filter Include="Header Files\camera">
      <UniqueIdentifier>{08c10719-9cf8-42b9-bb18-0e0adee58603}</UniqueIdentifier>
    </Filter>
    <Filter Include="Header Files\maps">
      <UniqueIdentifier>{06df2470-f6d0-49bb-9e63-871a55718727}</UniqueIdentifier>
    </Filter>
    <Filter Include="Header Files\game-objects\main-character">
      <UniqueIdentifier>{777e4796-c1d5-49f0-9597-5a6c8332a440}</UniqueIdentifier>
    </Filter>
    <Filter Include="Header Files\game-objects\weapons">
      <UniqueIdentifier>{a43ead76-c0d9-47ce-8ed7-52a06d924deb}</UniqueIdentifier>
    </Filter>
    <Filter Include="Header Files\game-objects\weapons\concrete-weapons">
      <UniqueIdentifier>{de86b8bb-2d30-483e-a7ae-dd8219fd5cb3}</UniqueIdentifier>
    </Filter>
    <Filter Include="Header Files\game-objects\debug">
      <UniqueIdentifier>{298549d3-a819-4a6a-b04f-06d81d29d765}</UniqueIdentifier>
    </Filter>
  </ItemGroup>
  <ItemGroup>
    <ClCompile Include="Game.cpp">
      <Filter>Source Files</Filter>
    </ClCompile>
    <ClCompile Include="PlayState.cpp">
      <Filter>Source Files</Filter>
    </ClCompile>
    <ClCompile Include="BoxCharacter.cpp">
      <Filter>Source Files</Filter>
    </ClCompile>
    <ClCompile Include="BasicShot.cpp">
      <Filter>Source Files</Filter>
    </ClCompile>
    <ClCompile Include="Maze.cpp">
      <Filter>Source Files</Filter>
    </ClCompile>
    <ClCompile Include="RandomMazeGenerator.cpp">
      <Filter>Source Files</Filter>
    </ClCompile>
    <ClCompile Include="MazeVizualizer.cpp">
      <Filter>Source Files</Filter>
    </ClCompile>
    <ClCompile Include="BacktrackerMazeGenerator.cpp">
      <Filter>Source Files</Filter>
    </ClCompile>
    <ClCompile Include="MainCharacter.cpp">
      <Filter>Source Files</Filter>
    </ClCompile>
    <ClCompile Include="Camera.cpp">
      <Filter>Source Files</Filter>
    </ClCompile>
    <ClCompile Include="MazeMap.cpp">
      <Filter>Source Files</Filter>
    </ClCompile>
    <ClCompile Include="PrototypeMap1.cpp">
      <Filter>Source Files</Filter>
    </ClCompile>
    <ClCompile Include="PrototypeMap2.cpp">
      <Filter>Source Files</Filter>
    </ClCompile>
    <ClCompile Include="Projectile.cpp">
      <Filter>Source Files</Filter>
    </ClCompile>
    <ClCompile Include="BasicWeapon.cpp">
      <Filter>Source Files</Filter>
    </ClCompile>
    <ClCompile Include="BoxShape.cpp">
      <Filter>Source Files</Filter>
    </ClCompile>
    <ClCompile Include="Enemy.cpp">
      <Filter>Source Files</Filter>
    </ClCompile>
  </ItemGroup>
  <ItemGroup>
    <ClInclude Include="PlayState.h">
      <Filter>Header Files\game-states</Filter>
    </ClInclude>
    <ClInclude Include="BoxCharacter.h">
      <Filter>Header Files\game-objects</Filter>
    </ClInclude>
    <ClInclude Include="BasicShot.h">
      <Filter>Header Files\game-objects</Filter>
    </ClInclude>
    <ClInclude Include="Maze.h">
      <Filter>Header Files\maze-generation</Filter>
    </ClInclude>
    <ClInclude Include="IMazeGenerator.h">
      <Filter>Header Files\maze-generation</Filter>
    </ClInclude>
    <ClInclude Include="MazeVizualizer.h">
      <Filter>Header Files\game-objects</Filter>
    </ClInclude>
    <ClInclude Include="RandomMazeGenerator.h">
      <Filter>Header Files\maze-generation</Filter>
    </ClInclude>
    <ClInclude Include="Camera.h">
      <Filter>Header Files\camera</Filter>
    </ClInclude>
    <ClInclude Include="BacktrackerMazeGenerator.h">
      <Filter>Header Files\maze-generation</Filter>
    </ClInclude>
    <ClInclude Include="MainCharacter.h">
      <Filter>Header Files\game-objects\main-character</Filter>
    </ClInclude>
    <ClInclude Include="IMap.h">
      <Filter>Header Files\maps</Filter>
    </ClInclude>
    <ClInclude Include="MazeMap.h">
      <Filter>Header Files\maps</Filter>
    </ClInclude>
    <ClInclude Include="PrototypeMap1.h">
      <Filter>Header Files\maps</Filter>
    </ClInclude>
    <ClInclude Include="PrototypeMap2.h">
      <Filter>Header Files\maps</Filter>
    </ClInclude>
    <ClInclude Include="IPlayerWeapon.h">
      <Filter>Header Files\game-objects\weapons</Filter>
    </ClInclude>
    <ClInclude Include="IWeaponReactor.h">
      <Filter>Header Files\game-objects\weapons</Filter>
    </ClInclude>
    <ClInclude Include="BasicWeapon.h">
      <Filter>Header Files\game-objects\weapons\concrete-weapons</Filter>
    </ClInclude>
    <ClInclude Include="BoxShape.h">
      <Filter>Header Files\game-objects\debug</Filter>
    </ClInclude>
    <ClInclude Include="Projectile.h">
      <Filter>Header Files\game-objects\weapons</Filter>
    </ClInclude>
    <ClInclude Include="Enemy.h">
      <Filter>Header Files</Filter>
    </ClInclude>
  </ItemGroup>
</Project>